// !$*UTF8*$!
{
	archiveVersion = 1;
	classes = {
	};
	objectVersion = 46;
	objects = {

/* Begin PBXBuildFile section */
		ACCE4FF01C82BC1A00719087 /* main.m in Sources */ = {isa = PBXBuildFile; fileRef = ACCE4FEF1C82BC1A00719087 /* main.m */; };
		ACCE4FF31C82BC1A00719087 /* AppDelegate.m in Sources */ = {isa = PBXBuildFile; fileRef = ACCE4FF21C82BC1A00719087 /* AppDelegate.m */; };
		ACCE4FF61C82BC1A00719087 /* ViewController.m in Sources */ = {isa = PBXBuildFile; fileRef = ACCE4FF51C82BC1A00719087 /* ViewController.m */; };
		ACCE4FF91C82BC1A00719087 /* Main.storyboard in Resources */ = {isa = PBXBuildFile; fileRef = ACCE4FF71C82BC1A00719087 /* Main.storyboard */; };
		ACCE4FFB1C82BC1A00719087 /* Assets.xcassets in Resources */ = {isa = PBXBuildFile; fileRef = ACCE4FFA1C82BC1A00719087 /* Assets.xcassets */; };
		ACCE4FFE1C82BC1A00719087 /* LaunchScreen.storyboard in Resources */ = {isa = PBXBuildFile; fileRef = ACCE4FFC1C82BC1A00719087 /* LaunchScreen.storyboard */; };
		ACCE50091C82BC1A00719087 /* GPSLoggerSampleTests.m in Sources */ = {isa = PBXBuildFile; fileRef = ACCE50081C82BC1A00719087 /* GPSLoggerSampleTests.m */; };
		ACCE50141C82BC1A00719087 /* GPSLoggerSampleUITests.m in Sources */ = {isa = PBXBuildFile; fileRef = ACCE50131C82BC1A00719087 /* GPSLoggerSampleUITests.m */; };
		ACCE50221C82BD1D00719087 /* CoreLocation.framework in Frameworks */ = {isa = PBXBuildFile; fileRef = ACCE50211C82BD1D00719087 /* CoreLocation.framework */; };
/* End PBXBuildFile section */

/* Begin PBXContainerItemProxy section */
		ACCE50051C82BC1A00719087 /* PBXContainerItemProxy */ = {
			isa = PBXContainerItemProxy;
			containerPortal = ACCE4FE31C82BC1A00719087 /* Project object */;
			proxyType = 1;
			remoteGlobalIDString = ACCE4FEA1C82BC1A00719087;
			remoteInfo = GPSLoggerSample;
		};
		ACCE50101C82BC1A00719087 /* PBXContainerItemProxy */ = {
			isa = PBXContainerItemProxy;
			containerPortal = ACCE4FE31C82BC1A00719087 /* Project object */;
			proxyType = 1;
			remoteGlobalIDString = ACCE4FEA1C82BC1A00719087;
			remoteInfo = GPSLoggerSample;
		};
/* End PBXContainerItemProxy section */

/* Begin PBXFileReference section */
		ACCE4FEB1C82BC1A00719087 /* GPSLoggerSample.app */ = {isa = PBXFileReference; explicitFileType = wrapper.application; includeInIndex = 0; path = GPSLoggerSample.app; sourceTree = BUILT_PRODUCTS_DIR; };
		ACCE4FEF1C82BC1A00719087 /* main.m */ = {isa = PBXFileReference; lastKnownFileType = sourcecode.c.objc; path = main.m; sourceTree = "<group>"; };
		ACCE4FF11C82BC1A00719087 /* AppDelegate.h */ = {isa = PBXFileReference; lastKnownFileType = sourcecode.c.h; path = AppDelegate.h; sourceTree = "<group>"; };
		ACCE4FF21C82BC1A00719087 /* AppDelegate.m */ = {isa = PBXFileReference; lastKnownFileType = sourcecode.c.objc; path = AppDelegate.m; sourceTree = "<group>"; };
		ACCE4FF41C82BC1A00719087 /* ViewController.h */ = {isa = PBXFileReference; lastKnownFileType = sourcecode.c.h; path = ViewController.h; sourceTree = "<group>"; };
		ACCE4FF51C82BC1A00719087 /* ViewController.m */ = {isa = PBXFileReference; lastKnownFileType = sourcecode.c.objc; path = ViewController.m; sourceTree = "<group>"; };
		ACCE4FF81C82BC1A00719087 /* Base */ = {isa = PBXFileReference; lastKnownFileType = file.storyboard; name = Base; path = Base.lproj/Main.storyboard; sourceTree = "<group>"; };
		ACCE4FFA1C82BC1A00719087 /* Assets.xcassets */ = {isa = PBXFileReference; lastKnownFileType = folder.assetcatalog; path = Assets.xcassets; sourceTree = "<group>"; };
		ACCE4FFD1C82BC1A00719087 /* Base */ = {isa = PBXFileReference; lastKnownFileType = file.storyboard; name = Base; path = Base.lproj/LaunchScreen.storyboard; sourceTree = "<group>"; };
		ACCE4FFF1C82BC1A00719087 /* Info.plist */ = {isa = PBXFileReference; lastKnownFileType = text.plist.xml; path = Info.plist; sourceTree = "<group>"; };
		ACCE50041C82BC1A00719087 /* GPSLoggerSampleTests.xctest */ = {isa = PBXFileReference; explicitFileType = wrapper.cfbundle; includeInIndex = 0; path = GPSLoggerSampleTests.xctest; sourceTree = BUILT_PRODUCTS_DIR; };
		ACCE50081C82BC1A00719087 /* GPSLoggerSampleTests.m */ = {isa = PBXFileReference; lastKnownFileType = sourcecode.c.objc; path = GPSLoggerSampleTests.m; sourceTree = "<group>"; };
		ACCE500A1C82BC1A00719087 /* Info.plist */ = {isa = PBXFileReference; lastKnownFileType = text.plist.xml; path = Info.plist; sourceTree = "<group>"; };
		ACCE500F1C82BC1A00719087 /* GPSLoggerSampleUITests.xctest */ = {isa = PBXFileReference; explicitFileType = wrapper.cfbundle; includeInIndex = 0; path = GPSLoggerSampleUITests.xctest; sourceTree = BUILT_PRODUCTS_DIR; };
		ACCE50131C82BC1A00719087 /* GPSLoggerSampleUITests.m */ = {isa = PBXFileReference; lastKnownFileType = sourcecode.c.objc; path = GPSLoggerSampleUITests.m; sourceTree = "<group>"; };
		ACCE50151C82BC1A00719087 /* Info.plist */ = {isa = PBXFileReference; lastKnownFileType = text.plist.xml; path = Info.plist; sourceTree = "<group>"; };
		ACCE50211C82BD1D00719087 /* CoreLocation.framework */ = {isa = PBXFileReference; lastKnownFileType = wrapper.framework; name = CoreLocation.framework; path = System/Library/Frameworks/CoreLocation.framework; sourceTree = SDKROOT; };
/* End PBXFileReference section */

/* Begin PBXFrameworksBuildPhase section */
		ACCE4FE81C82BC1A00719087 /* Frameworks */ = {
			isa = PBXFrameworksBuildPhase;
			buildActionMask = 2147483647;
			files = (
				ACCE50221C82BD1D00719087 /* CoreLocation.framework in Frameworks */,
			);
			runOnlyForDeploymentPostprocessing = 0;
		};
		ACCE50011C82BC1A00719087 /* Frameworks */ = {
			isa = PBXFrameworksBuildPhase;
			buildActionMask = 2147483647;
			files = (
			);
			runOnlyForDeploymentPostprocessing = 0;
		};
		ACCE500C1C82BC1A00719087 /* Frameworks */ = {
			isa = PBXFrameworksBuildPhase;
			buildActionMask = 2147483647;
			files = (
			);
			runOnlyForDeploymentPostprocessing = 0;
		};
/* End PBXFrameworksBuildPhase section */

/* Begin PBXGroup section */
		ACCE4FE21C82BC1A00719087 = {
			isa = PBXGroup;
			children = (
				ACCE50211C82BD1D00719087 /* CoreLocation.framework */,
				ACCE4FED1C82BC1A00719087 /* GPSLoggerSample */,
				ACCE50071C82BC1A00719087 /* GPSLoggerSampleTests */,
				ACCE50121C82BC1A00719087 /* GPSLoggerSampleUITests */,
				ACCE4FEC1C82BC1A00719087 /* Products */,
			);
			sourceTree = "<group>";
		};
		ACCE4FEC1C82BC1A00719087 /* Products */ = {
			isa = PBXGroup;
			children = (
				ACCE4FEB1C82BC1A00719087 /* GPSLoggerSample.app */,
				ACCE50041C82BC1A00719087 /* GPSLoggerSampleTests.xctest */,
				ACCE500F1C82BC1A00719087 /* GPSLoggerSampleUITests.xctest */,
			);
			name = Products;
			sourceTree = "<group>";
		};
		ACCE4FED1C82BC1A00719087 /* GPSLoggerSample */ = {
			isa = PBXGroup;
			children = (
				ACCE4FF11C82BC1A00719087 /* AppDelegate.h */,
				ACCE4FF21C82BC1A00719087 /* AppDelegate.m */,
				ACCE4FF41C82BC1A00719087 /* ViewController.h */,
				ACCE4FF51C82BC1A00719087 /* ViewController.m */,
				ACCE4FF71C82BC1A00719087 /* Main.storyboard */,
				ACCE4FFA1C82BC1A00719087 /* Assets.xcassets */,
				ACCE4FFC1C82BC1A00719087 /* LaunchScreen.storyboard */,
				ACCE4FFF1C82BC1A00719087 /* Info.plist */,
				ACCE4FEE1C82BC1A00719087 /* Supporting Files */,
			);
			path = GPSLoggerSample;
			sourceTree = "<group>";
		};
		ACCE4FEE1C82BC1A00719087 /* Supporting Files */ = {
			isa = PBXGroup;
			children = (
				ACCE4FEF1C82BC1A00719087 /* main.m */,
			);
			name = "Supporting Files";
			sourceTree = "<group>";
		};
		ACCE50071C82BC1A00719087 /* GPSLoggerSampleTests */ = {
			isa = PBXGroup;
			children = (
				ACCE50081C82BC1A00719087 /* GPSLoggerSampleTests.m */,
				ACCE500A1C82BC1A00719087 /* Info.plist */,
			);
			path = GPSLoggerSampleTests;
			sourceTree = "<group>";
		};
		ACCE50121C82BC1A00719087 /* GPSLoggerSampleUITests */ = {
			isa = PBXGroup;
			children = (
				ACCE50131C82BC1A00719087 /* GPSLoggerSampleUITests.m */,
				ACCE50151C82BC1A00719087 /* Info.plist */,
			);
			path = GPSLoggerSampleUITests;
			sourceTree = "<group>";
		};
/* End PBXGroup section */

/* Begin PBXNativeTarget section */
		ACCE4FEA1C82BC1A00719087 /* GPSLoggerSample */ = {
			isa = PBXNativeTarget;
			buildConfigurationList = ACCE50181C82BC1A00719087 /* Build configuration list for PBXNativeTarget "GPSLoggerSample" */;
			buildPhases = (
				ACCE4FE71C82BC1A00719087 /* Sources */,
				ACCE4FE81C82BC1A00719087 /* Frameworks */,
				ACCE4FE91C82BC1A00719087 /* Resources */,
			);
			buildRules = (
			);
			dependencies = (
			);
			name = GPSLoggerSample;
			productName = GPSLoggerSample;
			productReference = ACCE4FEB1C82BC1A00719087 /* GPSLoggerSample.app */;
			productType = "com.apple.product-type.application";
		};
		ACCE50031C82BC1A00719087 /* GPSLoggerSampleTests */ = {
			isa = PBXNativeTarget;
			buildConfigurationList = ACCE501B1C82BC1A00719087 /* Build configuration list for PBXNativeTarget "GPSLoggerSampleTests" */;
			buildPhases = (
				ACCE50001C82BC1A00719087 /* Sources */,
				ACCE50011C82BC1A00719087 /* Frameworks */,
				ACCE50021C82BC1A00719087 /* Resources */,
			);
			buildRules = (
			);
			dependencies = (
				ACCE50061C82BC1A00719087 /* PBXTargetDependency */,
			);
			name = GPSLoggerSampleTests;
			productName = GPSLoggerSampleTests;
			productReference = ACCE50041C82BC1A00719087 /* GPSLoggerSampleTests.xctest */;
			productType = "com.apple.product-type.bundle.unit-test";
		};
		ACCE500E1C82BC1A00719087 /* GPSLoggerSampleUITests */ = {
			isa = PBXNativeTarget;
			buildConfigurationList = ACCE501E1C82BC1A00719087 /* Build configuration list for PBXNativeTarget "GPSLoggerSampleUITests" */;
			buildPhases = (
				ACCE500B1C82BC1A00719087 /* Sources */,
				ACCE500C1C82BC1A00719087 /* Frameworks */,
				ACCE500D1C82BC1A00719087 /* Resources */,
			);
			buildRules = (
			);
			dependencies = (
				ACCE50111C82BC1A00719087 /* PBXTargetDependency */,
			);
			name = GPSLoggerSampleUITests;
			productName = GPSLoggerSampleUITests;
			productReference = ACCE500F1C82BC1A00719087 /* GPSLoggerSampleUITests.xctest */;
			productType = "com.apple.product-type.bundle.ui-testing";
		};
/* End PBXNativeTarget section */

/* Begin PBXProject section */
		ACCE4FE31C82BC1A00719087 /* Project object */ = {
			isa = PBXProject;
			attributes = {
				LastUpgradeCheck = 0720;
				ORGANIZATIONNAME = YoichiroWatanabe;
				TargetAttributes = {
					ACCE4FEA1C82BC1A00719087 = {
						CreatedOnToolsVersion = 7.2.1;
						SystemCapabilities = {
							com.apple.BackgroundModes = {
								enabled = 1;
							};
						};
					};
					ACCE50031C82BC1A00719087 = {
						CreatedOnToolsVersion = 7.2.1;
						TestTargetID = ACCE4FEA1C82BC1A00719087;
					};
					ACCE500E1C82BC1A00719087 = {
						CreatedOnToolsVersion = 7.2.1;
						TestTargetID = ACCE4FEA1C82BC1A00719087;
					};
				};
			};
			buildConfigurationList = ACCE4FE61C82BC1A00719087 /* Build configuration list for PBXProject "GPSLoggerSample" */;
			compatibilityVersion = "Xcode 3.2";
			developmentRegion = English;
			hasScannedForEncodings = 0;
			knownRegions = (
				en,
				Base,
			);
			mainGroup = ACCE4FE21C82BC1A00719087;
			productRefGroup = ACCE4FEC1C82BC1A00719087 /* Products */;
			projectDirPath = "";
			projectRoot = "";
			targets = (
				ACCE4FEA1C82BC1A00719087 /* GPSLoggerSample */,
				ACCE50031C82BC1A00719087 /* GPSLoggerSampleTests */,
				ACCE500E1C82BC1A00719087 /* GPSLoggerSampleUITests */,
			);
		};
/* End PBXProject section */

/* Begin PBXResourcesBuildPhase section */
		ACCE4FE91C82BC1A00719087 /* Resources */ = {
			isa = PBXResourcesBuildPhase;
			buildActionMask = 2147483647;
			files = (
				ACCE4FFE1C82BC1A00719087 /* LaunchScreen.storyboard in Resources */,
				ACCE4FFB1C82BC1A00719087 /* Assets.xcassets in Resources */,
				ACCE4FF91C82BC1A00719087 /* Main.storyboard in Resources */,
			);
			runOnlyForDeploymentPostprocessing = 0;
		};
		ACCE50021C82BC1A00719087 /* Resources */ = {
			isa = PBXResourcesBuildPhase;
			buildActionMask = 2147483647;
			files = (
			);
			runOnlyForDeploymentPostprocessing = 0;
		};
		ACCE500D1C82BC1A00719087 /* Resources */ = {
			isa = PBXResourcesBuildPhase;
			buildActionMask = 2147483647;
			files = (
			);
			runOnlyForDeploymentPostprocessing = 0;
		};
/* End PBXResourcesBuildPhase section */

/* Begin PBXSourcesBuildPhase section */
		ACCE4FE71C82BC1A00719087 /* Sources */ = {
			isa = PBXSourcesBuildPhase;
			buildActionMask = 2147483647;
			files = (
				ACCE4FF61C82BC1A00719087 /* ViewController.m in Sources */,
				ACCE4FF31C82BC1A00719087 /* AppDelegate.m in Sources */,
				ACCE4FF01C82BC1A00719087 /* main.m in Sources */,
			);
			runOnlyForDeploymentPostprocessing = 0;
		};
		ACCE50001C82BC1A00719087 /* Sources */ = {
			isa = PBXSourcesBuildPhase;
			buildActionMask = 2147483647;
			files = (
				ACCE50091C82BC1A00719087 /* GPSLoggerSampleTests.m in Sources */,
			);
			runOnlyForDeploymentPostprocessing = 0;
		};
		ACCE500B1C82BC1A00719087 /* Sources */ = {
			isa = PBXSourcesBuildPhase;
			buildActionMask = 2147483647;
			files = (
				ACCE50141C82BC1A00719087 /* GPSLoggerSampleUITests.m in Sources */,
			);
			runOnlyForDeploymentPostprocessing = 0;
		};
/* End PBXSourcesBuildPhase section */

/* Begin PBXTargetDependency section */
		ACCE50061C82BC1A00719087 /* PBXTargetDependency */ = {
			isa = PBXTargetDependency;
			target = ACCE4FEA1C82BC1A00719087 /* GPSLoggerSample */;
			targetProxy = ACCE50051C82BC1A00719087 /* PBXContainerItemProxy */;
		};
		ACCE50111C82BC1A00719087 /* PBXTargetDependency */ = {
			isa = PBXTargetDependency;
			target = ACCE4FEA1C82BC1A00719087 /* GPSLoggerSample */;
			targetProxy = ACCE50101C82BC1A00719087 /* PBXContainerItemProxy */;
		};
/* End PBXTargetDependency section */

/* Begin PBXVariantGroup section */
		ACCE4FF71C82BC1A00719087 /* Main.storyboard */ = {
			isa = PBXVariantGroup;
			children = (
				ACCE4FF81C82BC1A00719087 /* Base */,
			);
			name = Main.storyboard;
			sourceTree = "<group>";
		};
		ACCE4FFC1C82BC1A00719087 /* LaunchScreen.storyboard */ = {
			isa = PBXVariantGroup;
			children = (
				ACCE4FFD1C82BC1A00719087 /* Base */,
			);
			name = LaunchScreen.storyboard;
			sourceTree = "<group>";
		};
/* End PBXVariantGroup section */

/* Begin XCBuildConfiguration section */
		ACCE50161C82BC1A00719087 /* Debug */ = {
			isa = XCBuildConfiguration;
			buildSettings = {
				ALWAYS_SEARCH_USER_PATHS = NO;
				CLANG_CXX_LANGUAGE_STANDARD = "gnu++0x";
				CLANG_CXX_LIBRARY = "libc++";
				CLANG_ENABLE_MODULES = YES;
				CLANG_ENABLE_OBJC_ARC = YES;
				CLANG_WARN_BOOL_CONVERSION = YES;
				CLANG_WARN_CONSTANT_CONVERSION = YES;
				CLANG_WARN_DIRECT_OBJC_ISA_USAGE = YES_ERROR;
				CLANG_WARN_EMPTY_BODY = YES;
				CLANG_WARN_ENUM_CONVERSION = YES;
				CLANG_WARN_INT_CONVERSION = YES;
				CLANG_WARN_OBJC_ROOT_CLASS = YES_ERROR;
				CLANG_WARN_UNREACHABLE_CODE = YES;
				CLANG_WARN__DUPLICATE_METHOD_MATCH = YES;
				"CODE_SIGN_IDENTITY[sdk=iphoneos*]" = "iPhone Developer";
				COPY_PHASE_STRIP = NO;
				DEBUG_INFORMATION_FORMAT = dwarf;
				ENABLE_STRICT_OBJC_MSGSEND = YES;
				ENABLE_TESTABILITY = YES;
				GCC_C_LANGUAGE_STANDARD = gnu99;
				GCC_DYNAMIC_NO_PIC = NO;
				GCC_NO_COMMON_BLOCKS = YES;
				GCC_OPTIMIZATION_LEVEL = 0;
				GCC_PREPROCESSOR_DEFINITIONS = (
					"DEBUG=1",
					"$(inherited)",
				);
				GCC_WARN_64_TO_32_BIT_CONVERSION = YES;
				GCC_WARN_ABOUT_RETURN_TYPE = YES_ERROR;
				GCC_WARN_UNDECLARED_SELECTOR = YES;
				GCC_WARN_UNINITIALIZED_AUTOS = YES_AGGRESSIVE;
				GCC_WARN_UNUSED_FUNCTION = YES;
				GCC_WARN_UNUSED_VARIABLE = YES;
				IPHONEOS_DEPLOYMENT_TARGET = 9.2;
				MTL_ENABLE_DEBUG_INFO = YES;
				ONLY_ACTIVE_ARCH = YES;
				SDKROOT = iphoneos;
			};
			name = Debug;
		};
		ACCE50171C82BC1A00719087 /* Release */ = {
			isa = XCBuildConfiguration;
			buildSettings = {
				ALWAYS_SEARCH_USER_PATHS = NO;
				CLANG_CXX_LANGUAGE_STANDARD = "gnu++0x";
				CLANG_CXX_LIBRARY = "libc++";
				CLANG_ENABLE_MODULES = YES;
				CLANG_ENABLE_OBJC_ARC = YES;
				CLANG_WARN_BOOL_CONVERSION = YES;
				CLANG_WARN_CONSTANT_CONVERSION = YES;
				CLANG_WARN_DIRECT_OBJC_ISA_USAGE = YES_ERROR;
				CLANG_WARN_EMPTY_BODY = YES;
				CLANG_WARN_ENUM_CONVERSION = YES;
				CLANG_WARN_INT_CONVERSION = YES;
				CLANG_WARN_OBJC_ROOT_CLASS = YES_ERROR;
				CLANG_WARN_UNREACHABLE_CODE = YES;
				CLANG_WARN__DUPLICATE_METHOD_MATCH = YES;
				"CODE_SIGN_IDENTITY[sdk=iphoneos*]" = "iPhone Developer";
				COPY_PHASE_STRIP = NO;
				DEBUG_INFORMATION_FORMAT = "dwarf-with-dsym";
				ENABLE_NS_ASSERTIONS = NO;
				ENABLE_STRICT_OBJC_MSGSEND = YES;
				GCC_C_LANGUAGE_STANDARD = gnu99;
				GCC_NO_COMMON_BLOCKS = YES;
				GCC_WARN_64_TO_32_BIT_CONVERSION = YES;
				GCC_WARN_ABOUT_RETURN_TYPE = YES_ERROR;
				GCC_WARN_UNDECLARED_SELECTOR = YES;
				GCC_WARN_UNINITIALIZED_AUTOS = YES_AGGRESSIVE;
				GCC_WARN_UNUSED_FUNCTION = YES;
				GCC_WARN_UNUSED_VARIABLE = YES;
				IPHONEOS_DEPLOYMENT_TARGET = 9.2;
				MTL_ENABLE_DEBUG_INFO = NO;
				SDKROOT = iphoneos;
				VALIDATE_PRODUCT = YES;
			};
			name = Release;
		};
		ACCE50191C82BC1A00719087 /* Debug */ = {
			isa = XCBuildConfiguration;
			buildSettings = {
				ASSETCATALOG_COMPILER_APPICON_NAME = AppIcon;
				INFOPLIST_FILE = GPSLoggerSample/Info.plist;
				LD_RUNPATH_SEARCH_PATHS = "$(inherited) @executable_path/Frameworks";
				PRODUCT_BUNDLE_IDENTIFIER = edu.self.GPSLoggerSample;
				PRODUCT_NAME = "$(TARGET_NAME)";
			};
			name = Debug;
		};
		ACCE501A1C82BC1A00719087 /* Release */ = {
			isa = XCBuildConfiguration;
			buildSettings = {
				ASSETCATALOG_COMPILER_APPICON_NAME = AppIcon;
				INFOPLIST_FILE = GPSLoggerSample/Info.plist;
				LD_RUNPATH_SEARCH_PATHS = "$(inherited) @executable_path/Frameworks";
				PRODUCT_BUNDLE_IDENTIFIER = edu.self.GPSLoggerSample;
				PRODUCT_NAME = "$(TARGET_NAME)";
			};
			name = Release;
		};
		ACCE501C1C82BC1A00719087 /* Debug */ = {
			isa = XCBuildConfiguration;
			buildSettings = {
				BUNDLE_LOADER = "$(TEST_HOST)";
				INFOPLIST_FILE = GPSLoggerSampleTests/Info.plist;
				LD_RUNPATH_SEARCH_PATHS = "$(inherited) @executable_path/Frameworks @loader_path/Frameworks";
				PRODUCT_BUNDLE_IDENTIFIER = edu.self.GPSLoggerSampleTests;
				PRODUCT_NAME = "$(TARGET_NAME)";
				TEST_HOST = "$(BUILT_PRODUCTS_DIR)/GPSLoggerSample.app/GPSLoggerSample";
			};
			name = Debug;
		};
		ACCE501D1C82BC1A00719087 /* Release */ = {
			isa = XCBuildConfiguration;
			buildSettings = {
				BUNDLE_LOADER = "$(TEST_HOST)";
				INFOPLIST_FILE = GPSLoggerSampleTests/Info.plist;
				LD_RUNPATH_SEARCH_PATHS = "$(inherited) @executable_path/Frameworks @loader_path/Frameworks";
				PRODUCT_BUNDLE_IDENTIFIER = edu.self.GPSLoggerSampleTests;
				PRODUCT_NAME = "$(TARGET_NAME)";
				TEST_HOST = "$(BUILT_PRODUCTS_DIR)/GPSLoggerSample.app/GPSLoggerSample";
			};
			name = Release;
		};
		ACCE501F1C82BC1A00719087 /* Debug */ = {
			isa = XCBuildConfiguration;
			buildSettings = {
				INFOPLIST_FILE = GPSLoggerSampleUITests/Info.plist;
				LD_RUNPATH_SEARCH_PATHS = "$(inherited) @executable_path/Frameworks @loader_path/Frameworks";
				PRODUCT_BUNDLE_IDENTIFIER = edu.self.GPSLoggerSampleUITests;
				PRODUCT_NAME = "$(TARGET_NAME)";
				TEST_TARGET_NAME = GPSLoggerSample;
				USES_XCTRUNNER = YES;
			};
			name = Debug;
		};
		ACCE50201C82BC1A00719087 /* Release */ = {
			isa = XCBuildConfiguration;
			buildSettings = {
				INFOPLIST_FILE = GPSLoggerSampleUITests/Info.plist;
				LD_RUNPATH_SEARCH_PATHS = "$(inherited) @executable_path/Frameworks @loader_path/Frameworks";
				PRODUCT_BUNDLE_IDENTIFIER = edu.self.GPSLoggerSampleUITests;
				PRODUCT_NAME = "$(TARGET_NAME)";
				TEST_TARGET_NAME = GPSLoggerSample;
				USES_XCTRUNNER = YES;
			};
			name = Release;
		};
/* End XCBuildConfiguration section */

/* Begin XCConfigurationList section */
		ACCE4FE61C82BC1A00719087 /* Build configuration list for PBXProject "GPSLoggerSample" */ = {
			isa = XCConfigurationList;
			buildConfigurations = (
				ACCE50161C82BC1A00719087 /* Debug */,
				ACCE50171C82BC1A00719087 /* Release */,
			);
			defaultConfigurationIsVisible = 0;
			defaultConfigurationName = Release;
		};
		ACCE50181C82BC1A00719087 /* Build configuration list for PBXNativeTarget "GPSLoggerSample" */ = {
			isa = XCConfigurationList;
			buildConfigurations = (
				ACCE50191C82BC1A00719087 /* Debug */,
				ACCE501A1C82BC1A00719087 /* Release */,
			);
			defaultConfigurationIsVisible = 0;
		};
		ACCE501B1C82BC1A00719087 /* Build configuration list for PBXNativeTarget "GPSLoggerSampleTests" */ = {
			isa = XCConfigurationList;
			buildConfigurations = (
				ACCE501C1C82BC1A00719087 /* Debug */,
				ACCE501D1C82BC1A00719087 /* Release */,
			);
			defaultConfigurationIsVisible = 0;
		};
		ACCE501E1C82BC1A00719087 /* Build configuration list for PBXNativeTarget "GPSLoggerSampleUITests" */ = {
			isa = XCConfigurationList;
			buildConfigurations = (
				ACCE501F1C82BC1A00719087 /* Debug */,
				ACCE50201C82BC1A00719087 /* Release */,
			);
			defaultConfigurationIsVisible = 0;
		};
/* End XCConfigurationList section */
	};
	rootObject = ACCE4FE31C82BC1A00719087 /* Project object */;
}
